// !$*UTF8*$!
{
	archiveVersion = 1;
	classes = {
	};
	objectVersion = 46;
	objects = {

/* Begin PBXBuildFile section */
		864585B71D21A6D70009F6F7 /* AppDelegate.swift in Sources */ = {isa = PBXBuildFile; fileRef = 864585B61D21A6D70009F6F7 /* AppDelegate.swift */; };
		864585B91D21A6D70009F6F7 /* ViewController.swift in Sources */ = {isa = PBXBuildFile; fileRef = 864585B81D21A6D70009F6F7 /* ViewController.swift */; };
		864585BC1D21A6D70009F6F7 /* Main.storyboard in Resources */ = {isa = PBXBuildFile; fileRef = 864585BA1D21A6D70009F6F7 /* Main.storyboard */; };
		864585BE1D21A6D70009F6F7 /* Assets.xcassets in Resources */ = {isa = PBXBuildFile; fileRef = 864585BD1D21A6D70009F6F7 /* Assets.xcassets */; };
		864585C11D21A6D70009F6F7 /* LaunchScreen.storyboard in Resources */ = {isa = PBXBuildFile; fileRef = 864585BF1D21A6D70009F6F7 /* LaunchScreen.storyboard */; };
		864585C91D21ED220009F6F7 /* Quotes.swift in Sources */ = {isa = PBXBuildFile; fileRef = 864585C81D21ED220009F6F7 /* Quotes.swift */; };
/* End PBXBuildFile section */

/* Begin PBXFileReference section */
		864585B31D21A6D70009F6F7 /* Inspirus.app */ = {isa = PBXFileReference; explicitFileType = wrapper.application; includeInIndex = 0; path = Inspirus.app; sourceTree = BUILT_PRODUCTS_DIR; };
		864585B61D21A6D70009F6F7 /* AppDelegate.swift */ = {isa = PBXFileReference; lastKnownFileType = sourcecode.swift; path = AppDelegate.swift; sourceTree = "<group>"; };
		864585B81D21A6D70009F6F7 /* ViewController.swift */ = {isa = PBXFileReference; lastKnownFileType = sourcecode.swift; path = ViewController.swift; sourceTree = "<group>"; };
		864585BB1D21A6D70009F6F7 /* Base */ = {isa = PBXFileReference; lastKnownFileType = file.storyboard; name = Base; path = Base.lproj/Main.storyboard; sourceTree = "<group>"; };
		864585BD1D21A6D70009F6F7 /* Assets.xcassets */ = {isa = PBXFileReference; lastKnownFileType = folder.assetcatalog; path = Assets.xcassets; sourceTree = "<group>"; };
		864585C01D21A6D70009F6F7 /* Base */ = {isa = PBXFileReference; lastKnownFileType = file.storyboard; name = Base; path = Base.lproj/LaunchScreen.storyboard; sourceTree = "<group>"; };
		864585C21D21A6D70009F6F7 /* Info.plist */ = {isa = PBXFileReference; lastKnownFileType = text.plist.xml; path = Info.plist; sourceTree = "<group>"; };
		864585C81D21ED220009F6F7 /* Quotes.swift */ = {isa = PBXFileReference; fileEncoding = 4; lastKnownFileType = sourcecode.swift; path = Quotes.swift; sourceTree = "<group>"; };
/* End PBXFileReference section */

/* Begin PBXFrameworksBuildPhase section */
		864585B01D21A6D70009F6F7 /* Frameworks */ = {
			isa = PBXFrameworksBuildPhase;
			buildActionMask = 2147483647;
			files = (
			);
			runOnlyForDeploymentPostprocessing = 0;
		};
/* End PBXFrameworksBuildPhase section */

/* Begin PBXGroup section */
		864585AA1D21A6D70009F6F7 = {
			isa = PBXGroup;
			children = (
				864585B51D21A6D70009F6F7 /* Inspirus */,
				864585B41D21A6D70009F6F7 /* Products */,
			);
			sourceTree = "<group>";
		};
		864585B41D21A6D70009F6F7 /* Products */ = {
			isa = PBXGroup;
			children = (
				864585B31D21A6D70009F6F7 /* Inspirus.app */,
			);
			name = Products;
			sourceTree = "<group>";
		};
		864585B51D21A6D70009F6F7 /* Inspirus */ = {
			isa = PBXGroup;
			children = (
				864585B61D21A6D70009F6F7 /* AppDelegate.swift */,
				864585B81D21A6D70009F6F7 /* ViewController.swift */,
				864585BA1D21A6D70009F6F7 /* Main.storyboard */,
				864585BD1D21A6D70009F6F7 /* Assets.xcassets */,
				864585BF1D21A6D70009F6F7 /* LaunchScreen.storyboard */,
				864585C21D21A6D70009F6F7 /* Info.plist */,
				864585C81D21ED220009F6F7 /* Quotes.swift */,
			);
			path = Inspirus;
			sourceTree = "<group>";
		};
/* End PBXGroup section */

/* Begin PBXNativeTarget section */
		864585B21D21A6D70009F6F7 /* Inspirus */ = {
			isa = PBXNativeTarget;
			buildConfigurationList = 864585C51D21A6D70009F6F7 /* Build configuration list for PBXNativeTarget "Inspirus" */;
			buildPhases = (
				864585AF1D21A6D70009F6F7 /* Sources */,
				864585B01D21A6D70009F6F7 /* Frameworks */,
				864585B11D21A6D70009F6F7 /* Resources */,
			);
			buildRules = (
			);
			dependencies = (
			);
			name = Inspirus;
			productName = Inspirus;
			productReference = 864585B31D21A6D70009F6F7 /* Inspirus.app */;
			productType = "com.apple.product-type.application";
		};
/* End PBXNativeTarget section */

/* Begin PBXProject section */
		864585AB1D21A6D70009F6F7 /* Project object */ = {
			isa = PBXProject;
			attributes = {
				LastSwiftUpdateCheck = 0730;
				LastUpgradeCheck = 0730;
				ORGANIZATIONNAME = xadrijoLab;
				TargetAttributes = {
					864585B21D21A6D70009F6F7 = {
						CreatedOnToolsVersion = 7.3.1;
					};
				};
			};
			buildConfigurationList = 864585AE1D21A6D70009F6F7 /* Build configuration list for PBXProject "Inspirus" */;
			compatibilityVersion = "Xcode 3.2";
			developmentRegion = English;
			hasScannedForEncodings = 0;
			knownRegions = (
				en,
				Base,
			);
			mainGroup = 864585AA1D21A6D70009F6F7;
			productRefGroup = 864585B41D21A6D70009F6F7 /* Products */;
			projectDirPath = "";
			projectRoot = "";
			targets = (
				864585B21D21A6D70009F6F7 /* Inspirus */,
			);
		};
/* End PBXProject section */

/* Begin PBXResourcesBuildPhase section */
		864585B11D21A6D70009F6F7 /* Resources */ = {
			isa = PBXResourcesBuildPhase;
			buildActionMask = 2147483647;
			files = (
				864585C11D21A6D70009F6F7 /* LaunchScreen.storyboard in Resources */,
				864585BE1D21A6D70009F6F7 /* Assets.xcassets in Resources */,
				864585BC1D21A6D70009F6F7 /* Main.storyboard in Resources */,
			);
			runOnlyForDeploymentPostprocessing = 0;
		};
/* End PBXResourcesBuildPhase section */

/* Begin PBXSourcesBuildPhase section */
		864585AF1D21A6D70009F6F7 /* Sources */ = {
			isa = PBXSourcesBuildPhase;
			buildActionMask = 2147483647;
			files = (
				864585B91D21A6D70009F6F7 /* ViewController.swift in Sources */,
				864585B71D21A6D70009F6F7 /* AppDelegate.swift in Sources */,
				864585C91D21ED220009F6F7 /* Quotes.swift in Sources */,
			);
			runOnlyForDeploymentPostprocessing = 0;
		};
/* End PBXSourcesBuildPhase section */

/* Begin PBXVariantGroup section */
		864585BA1D21A6D70009F6F7 /* Main.storyboard */ = {
			isa = PBXVariantGroup;
			children = (
				864585BB1D21A6D70009F6F7 /* Base */,
			);
			name = Main.storyboard;
			sourceTree = "<group>";
		};
		864585BF1D21A6D70009F6F7 /* LaunchScreen.storyboard */ = {
			isa = PBXVariantGroup;
			children = (
				864585C01D21A6D70009F6F7 /* Base */,
			);
			name = LaunchScreen.storyboard;
			sourceTree = "<group>";
		};
/* End PBXVariantGroup section */

/* Begin XCBuildConfiguration section */
		864585C31D21A6D70009F6F7 /* Debug */ = {
			isa = XCBuildConfiguration;
			buildSettings = {
				ALWAYS_SEARCH_USER_PATHS = NO;
				CLANG_ANALYZER_NONNULL = YES;
				CLANG_CXX_LANGUAGE_STANDARD = "gnu++0x";
				CLANG_CXX_LIBRARY = "libc++";
				CLANG_ENABLE_MODULES = YES;
				CLANG_ENABLE_OBJC_ARC = YES;
				CLANG_WARN_BOOL_CONVERSION = YES;
				CLANG_WARN_CONSTANT_CONVERSION = YES;
				CLANG_WARN_DIRECT_OBJC_ISA_USAGE = YES_ERROR;
				CLANG_WARN_EMPTY_BODY = YES;
				CLANG_WARN_ENUM_CONVERSION = YES;
				CLANG_WARN_INT_CONVERSION = YES;
				CLANG_WARN_OBJC_ROOT_CLASS = YES_ERROR;
				CLANG_WARN_UNREACHABLE_CODE = YES;
				CLANG_WARN__DUPLICATE_METHOD_MATCH = YES;
				"CODE_SIGN_IDENTITY[sdk=iphoneos*]" = "iPhone Developer";
				COPY_PHASE_STRIP = NO;
				DEBUG_INFORMATION_FORMAT = dwarf;
				ENABLE_STRICT_OBJC_MSGSEND = YES;
				ENABLE_TESTABILITY = YES;
				GCC_C_LANGUAGE_STANDARD = gnu99;
				GCC_DYNAMIC_NO_PIC = NO;
				GCC_NO_COMMON_BLOCKS = YES;
				GCC_OPTIMIZATION_LEVEL = 0;
				GCC_PREPROCESSOR_DEFINITIONS = (
					"DEBUG=1",
					"$(inherited)",
				);
				GCC_WARN_64_TO_32_BIT_CONVERSION = YES;
				GCC_WARN_ABOUT_RETURN_TYPE = YES_ERROR;
				GCC_WARN_UNDECLARED_SELECTOR = YES;
				GCC_WARN_UNINITIALIZED_AUTOS = YES_AGGRESSIVE;
				GCC_WARN_UNUSED_FUNCTION = YES;
				GCC_WARN_UNUSED_VARIABLE = YES;
				IPHONEOS_DEPLOYMENT_TARGET = 9.3;
				MTL_ENABLE_DEBUG_INFO = YES;
				ONLY_ACTIVE_ARCH = YES;
				SDKROOT = iphoneos;
				SWIFT_OPTIMIZATION_LEVEL = "-Onone";
			};
			name = Debug;
		};
		864585C41D21A6D70009F6F7 /* Release */ = {
			isa = XCBuildConfiguration;
			buildSettings = {
				ALWAYS_SEARCH_USER_PATHS = NO;
				CLANG_ANALYZER_NONNULL = YES;
				CLANG_CXX_LANGUAGE_STANDARD = "gnu++0x";
				CLANG_CXX_LIBRARY = "libc++";
				CLANG_ENABLE_MODULES = YES;
				CLANG_ENABLE_OBJC_ARC = YES;
				CLANG_WARN_BOOL_CONVERSION = YES;
				CLANG_WARN_CONSTANT_CONVERSION = YES;
				CLANG_WARN_DIRECT_OBJC_ISA_USAGE = YES_ERROR;
				CLANG_WARN_EMPTY_BODY = YES;
				CLANG_WARN_ENUM_CONVERSION = YES;
				CLANG_WARN_INT_CONVERSION = YES;
				CLANG_WARN_OBJC_ROOT_CLASS = YES_ERROR;
				CLANG_WARN_UNREACHABLE_CODE = YES;
				CLANG_WARN__DUPLICATE_METHOD_MATCH = YES;
				"CODE_SIGN_IDENTITY[sdk=iphoneos*]" = "iPhone Developer";
				COPY_PHASE_STRIP = NO;
				DEBUG_INFORMATION_FORMAT = "dwarf-with-dsym";
				ENABLE_NS_ASSERTIONS = NO;
				ENABLE_STRICT_OBJC_MSGSEND = YES;
				GCC_C_LANGUAGE_STANDARD = gnu99;
				GCC_NO_COMMON_BLOCKS = YES;
				GCC_WARN_64_TO_32_BIT_CONVERSION = YES;
				GCC_WARN_ABOUT_RETURN_TYPE = YES_ERROR;
				GCC_WARN_UNDECLARED_SELECTOR = YES;
				GCC_WARN_UNINITIALIZED_AUTOS = YES_AGGRESSIVE;
				GCC_WARN_UNUSED_FUNCTION = YES;
				GCC_WARN_UNUSED_VARIABLE = YES;
				IPHONEOS_DEPLOYMENT_TARGET = 9.3;
				MTL_ENABLE_DEBUG_INFO = NO;
				SDKROOT = iphoneos;
				VALIDATE_PRODUCT = YES;
			};
			name = Release;
		};
		864585C61D21A6D70009F6F7 /* Debug */ = {
			isa = XCBuildConfiguration;
			buildSettings = {
				ASSETCATALOG_COMPILER_APPICON_NAME = AppIcon;
				INFOPLIST_FILE = Inspirus/Info.plist;
				LD_RUNPATH_SEARCH_PATHS = "$(inherited) @executable_path/Frameworks";
				PRODUCT_BUNDLE_IDENTIFIER = com.xadrijolab.Inspirus;
				PRODUCT_NAME = "$(TARGET_NAME)";
			};
			name = Debug;
		};
		864585C71D21A6D70009F6F7 /* Release */ = {
			isa = XCBuildConfiguration;
			buildSettings = {
				ASSETCATALOG_COMPILER_APPICON_NAME = AppIcon;
				INFOPLIST_FILE = Inspirus/Info.plist;
				LD_RUNPATH_SEARCH_PATHS = "$(inherited) @executable_path/Frameworks";
				PRODUCT_BUNDLE_IDENTIFIER = com.xadrijolab.Inspirus;
				PRODUCT_NAME = "$(TARGET_NAME)";
			};
			name = Release;
		};
/* End XCBuildConfiguration section */

/* Begin XCConfigurationList section */
		864585AE1D21A6D70009F6F7 /* Build configuration list for PBXProject "Inspirus" */ = {
			isa = XCConfigurationList;
			buildConfigurations = (
				864585C31D21A6D70009F6F7 /* Debug */,
				864585C41D21A6D70009F6F7 /* Release */,
			);
			defaultConfigurationIsVisible = 0;
			defaultConfigurationName = Release;
		};
		864585C51D21A6D70009F6F7 /* Build configuration list for PBXNativeTarget "Inspirus" */ = {
			isa = XCConfigurationList;
			buildConfigurations = (
				864585C61D21A6D70009F6F7 /* Debug */,
				864585C71D21A6D70009F6F7 /* Release */,
			);
			defaultConfigurationIsVisible = 0;
		};
/* End XCConfigurationList section */
	};
	rootObject = 864585AB1D21A6D70009F6F7 /* Project object */;
}
